
Microsoft Visual Studio Solution File, Format Version 12.00
# Visual Studio Version 17
VisualStudioVersion = 17.14.36915.13 d17.14
MinimumVisualStudioVersion = 10.0.40219.1
Project("{FAE04EC0-301F-11D3-BF4B-00C04F79EFBC}") = "hada-p2", "hada-p2\hada-p2.csproj", "{D1192BD4-CA50-43E9-A961-C24121B5658A}"
EndProject
Global
	GlobalSection(SolutionConfigurationPlatforms) = preSolution
		Debug|Any CPU = Debug|Any CPU
		Release|Any CPU = Release|Any CPU
	EndGlobalSection
	GlobalSection(ProjectConfigurationPlatforms) = postSolution
		{D1192BD4-CA50-43E9-A961-C24121B5658A}.Debug|Any CPU.ActiveCfg = Debug|Any CPU
		{D1192BD4-CA50-43E9-A961-C24121B5658A}.Debug|Any CPU.Build.0 = Debug|Any CPU
		{D1192BD4-CA50-43E9-A961-C24121B5658A}.Release|Any CPU.ActiveCfg = Release|Any CPU
		{D1192BD4-CA50-43E9-A961-C24121B5658A}.Release|Any CPU.Build.0 = Release|Any CPU
	EndGlobalSection
	GlobalSection(SolutionProperties) = preSolution
		HideSolutionNode = FALSE
	EndGlobalSection
	GlobalSection(ExtensibilityGlobals) = postSolution
		SolutionGuid = {5511B18B-8BB3-4B1D-A577-B0DC15E1212D}
	EndGlobalSection
EndGlobal
